
Microsoft Visual Studio Solution File, Format Version 12.00
# Visual Studio Version 16
VisualStudioVersion = 16.0.29613.14
MinimumVisualStudioVersion = 10.0.40219.1
Project("{FAE04EC0-301F-11D3-BF4B-00C04F79EFBC}") = "ModCal", "ModCal.csproj", "{92C5548D-5EC0-4550-A928-7604695679A0}"
EndProject
Project("{2150E333-8FDC-42A3-9474-1A3956D46DE8}") = "Solution Items", "Solution Items", "{E90F7685-E069-4200-8CB8-5D88A0E1CB15}"
	ProjectSection(SolutionItems) = preProject
		.editorconfig = .editorconfig
	EndProjectSection
EndProject
Global
	GlobalSection(SolutionConfigurationPlatforms) = preSolution
		Debug|Any CPU = Debug|Any CPU
		Release|Any CPU = Release|Any CPU
	EndGlobalSection
	GlobalSection(ProjectConfigurationPlatforms) = postSolution
		{92C5548D-5EC0-4550-A928-7604695679A0}.Debug|Any CPU.ActiveCfg = Debug|Any CPU
		{92C5548D-5EC0-4550-A928-7604695679A0}.Debug|Any CPU.Build.0 = Debug|Any CPU
		{92C5548D-5EC0-4550-A928-7604695679A0}.Release|Any CPU.ActiveCfg = Release|Any CPU
		{92C5548D-5EC0-4550-A928-7604695679A0}.Release|Any CPU.Build.0 = Release|Any CPU
	EndGlobalSection
	GlobalSection(SolutionProperties) = preSolution
		HideSolutionNode = FALSE
	EndGlobalSection
	GlobalSection(ExtensibilityGlobals) = postSolution
		SolutionGuid = {957CB9A0-7CF3-403C-A58F-5AF95AC212BD}
	EndGlobalSection
EndGlobal
